
Microsoft Visual Studio Solution File, Format Version 12.00
# Visual Studio 14
VisualStudioVersion = 14.0.25420.1
MinimumVisualStudioVersion = 10.0.40219.1
Project("{8BC9CEB8-8B4A-11D0-8D11-00A0C91BC942}") = "TestSpace_Console", "TestSpace_Console\TestSpace_Console.vcxproj", "{87A62937-DC15-4EBA-A21E-BB4CB8411700}"
EndProject
Project("{8BC9CEB8-8B4A-11D0-8D11-00A0C91BC942}") = "CIniFile", "CIniFile\CIniFile.vcxproj", "{24D50B5C-70C8-4B02-B174-63D3204435E4}"
EndProject
Global
	GlobalSection(SolutionConfigurationPlatforms) = preSolution
		Debug|x64 = Debug|x64
		Debug|x86 = Debug|x86
		Release|x64 = Release|x64
		Release|x86 = Release|x86
	EndGlobalSection
	GlobalSection(ProjectConfigurationPlatforms) = postSolution
		{87A62937-DC15-4EBA-A21E-BB4CB8411700}.Debug|x64.ActiveCfg = Debug|x64
		{87A62937-DC15-4EBA-A21E-BB4CB8411700}.Debug|x64.Build.0 = Debug|x64
		{87A62937-DC15-4EBA-A21E-BB4CB8411700}.Debug|x86.ActiveCfg = Debug|Win32
		{87A62937-DC15-4EBA-A21E-BB4CB8411700}.Debug|x86.Build.0 = Debug|Win32
		{87A62937-DC15-4EBA-A21E-BB4CB8411700}.Release|x64.ActiveCfg = Release|x64
		{87A62937-DC15-4EBA-A21E-BB4CB8411700}.Release|x64.Build.0 = Release|x64
		{87A62937-DC15-4EBA-A21E-BB4CB8411700}.Release|x86.ActiveCfg = Release|Win32
		{87A62937-DC15-4EBA-A21E-BB4CB8411700}.Release|x86.Build.0 = Release|Win32
		{24D50B5C-70C8-4B02-B174-63D3204435E4}.Debug|x64.ActiveCfg = Debug|x64
		{24D50B5C-70C8-4B02-B174-63D3204435E4}.Debug|x64.Build.0 = Debug|x64
		{24D50B5C-70C8-4B02-B174-63D3204435E4}.Debug|x86.ActiveCfg = Debug|Win32
		{24D50B5C-70C8-4B02-B174-63D3204435E4}.Debug|x86.Build.0 = Debug|Win32
		{24D50B5C-70C8-4B02-B174-63D3204435E4}.Release|x64.ActiveCfg = Release|x64
		{24D50B5C-70C8-4B02-B174-63D3204435E4}.Release|x64.Build.0 = Release|x64
		{24D50B5C-70C8-4B02-B174-63D3204435E4}.Release|x86.ActiveCfg = Release|Win32
		{24D50B5C-70C8-4B02-B174-63D3204435E4}.Release|x86.Build.0 = Release|Win32
	EndGlobalSection
	GlobalSection(SolutionProperties) = preSolution
		HideSolutionNode = FALSE
	EndGlobalSection
EndGlobal
